
Microsoft Visual Studio Solution File, Format Version 12.00
# Visual Studio Version 16
VisualStudioVersion = 16.0.30907.101
MinimumVisualStudioVersion = 10.0.40219.1
Project("{FAE04EC0-301F-11D3-BF4B-00C04F79EFBC}") = "RadarBlastServer", "RadarBlastServer\RadarBlastServer.csproj", "{E37535D4-1651-4394-88F4-AB8D4AFE08A6}"
EndProject
Global
	GlobalSection(SolutionConfigurationPlatforms) = preSolution
		Debug|Any CPU = Debug|Any CPU
		Release|Any CPU = Release|Any CPU
	EndGlobalSection
	GlobalSection(ProjectConfigurationPlatforms) = postSolution
		{E37535D4-1651-4394-88F4-AB8D4AFE08A6}.Debug|Any CPU.ActiveCfg = Debug|Any CPU
		{E37535D4-1651-4394-88F4-AB8D4AFE08A6}.Debug|Any CPU.Build.0 = Debug|Any CPU
		{E37535D4-1651-4394-88F4-AB8D4AFE08A6}.Release|Any CPU.ActiveCfg = Release|Any CPU
		{E37535D4-1651-4394-88F4-AB8D4AFE08A6}.Release|Any CPU.Build.0 = Release|Any CPU
	EndGlobalSection
	GlobalSection(SolutionProperties) = preSolution
		HideSolutionNode = FALSE
	EndGlobalSection
	GlobalSection(ExtensibilityGlobals) = postSolution
		SolutionGuid = {405DE017-0CD4-4B51-81B7-237CE337A34B}
	EndGlobalSection
EndGlobal
